
Microsoft Visual Studio Solution File, Format Version 12.00
# Visual Studio Version 16
VisualStudioVersion = 16.0.29709.97
MinimumVisualStudioVersion = 10.0.40219.1
Project("{FAE04EC0-301F-11D3-BF4B-00C04F79EFBC}") = "WebAPI_Test_GAP", "WebAPI_Test_GAP.csproj", "{C2BE67A4-9955-49B9-B96A-FBFAA4A26B7B}"
EndProject
Project("{FAE04EC0-301F-11D3-BF4B-00C04F79EFBC}") = "Domain_Data", "..\Domain_Data\Domain_Data.csproj", "{DE49AE6A-DC03-4619-9FF1-719241690568}"
EndProject
Global
	GlobalSection(SolutionConfigurationPlatforms) = preSolution
		Debug|Any CPU = Debug|Any CPU
		Release|Any CPU = Release|Any CPU
	EndGlobalSection
	GlobalSection(ProjectConfigurationPlatforms) = postSolution
		{C2BE67A4-9955-49B9-B96A-FBFAA4A26B7B}.Debug|Any CPU.ActiveCfg = Debug|Any CPU
		{C2BE67A4-9955-49B9-B96A-FBFAA4A26B7B}.Debug|Any CPU.Build.0 = Debug|Any CPU
		{C2BE67A4-9955-49B9-B96A-FBFAA4A26B7B}.Release|Any CPU.ActiveCfg = Release|Any CPU
		{C2BE67A4-9955-49B9-B96A-FBFAA4A26B7B}.Release|Any CPU.Build.0 = Release|Any CPU
		{DE49AE6A-DC03-4619-9FF1-719241690568}.Debug|Any CPU.ActiveCfg = Debug|Any CPU
		{DE49AE6A-DC03-4619-9FF1-719241690568}.Debug|Any CPU.Build.0 = Debug|Any CPU
		{DE49AE6A-DC03-4619-9FF1-719241690568}.Release|Any CPU.ActiveCfg = Release|Any CPU
		{DE49AE6A-DC03-4619-9FF1-719241690568}.Release|Any CPU.Build.0 = Release|Any CPU
	EndGlobalSection
	GlobalSection(SolutionProperties) = preSolution
		HideSolutionNode = FALSE
	EndGlobalSection
	GlobalSection(ExtensibilityGlobals) = postSolution
		SolutionGuid = {D882E301-44EF-4CDC-B188-2FC45E4A563C}
	EndGlobalSection
EndGlobal
