
Microsoft Visual Studio Solution File, Format Version 12.00
# Visual Studio Version 16
VisualStudioVersion = 16.0.29709.97
MinimumVisualStudioVersion = 10.0.40219.1
Project("{FAE04EC0-301F-11D3-BF4B-00C04F79EFBC}") = "MVCUI", "MVCUI.csproj", "{129A7E99-A81D-4B01-9192-818953BA555D}"
EndProject
Global
	GlobalSection(SolutionConfigurationPlatforms) = preSolution
		Debug|Any CPU = Debug|Any CPU
		Release|Any CPU = Release|Any CPU
	EndGlobalSection
	GlobalSection(ProjectConfigurationPlatforms) = postSolution
		{129A7E99-A81D-4B01-9192-818953BA555D}.Debug|Any CPU.ActiveCfg = Debug|Any CPU
		{129A7E99-A81D-4B01-9192-818953BA555D}.Debug|Any CPU.Build.0 = Debug|Any CPU
		{129A7E99-A81D-4B01-9192-818953BA555D}.Release|Any CPU.ActiveCfg = Release|Any CPU
		{129A7E99-A81D-4B01-9192-818953BA555D}.Release|Any CPU.Build.0 = Release|Any CPU
	EndGlobalSection
	GlobalSection(SolutionProperties) = preSolution
		HideSolutionNode = FALSE
	EndGlobalSection
	GlobalSection(ExtensibilityGlobals) = postSolution
		SolutionGuid = {C0AB174F-8601-478C-B01F-5AFC0394D410}
	EndGlobalSection
EndGlobal
